
Microsoft Visual Studio Solution File, Format Version 12.00
# Visual Studio Version 17
VisualStudioVersion = 17.14.36518.9 d17.14
MinimumVisualStudioVersion = 10.0.40219.1
Project("{FAE04EC0-301F-11D3-BF4B-00C04F79EFBC}") = "MauiAppHotel", "MauiAppHotel\MauiAppHotel.csproj", "{9F3DAAB6-EB2B-4A9E-852E-15718E52FECD}"
EndProject
Global
	GlobalSection(SolutionConfigurationPlatforms) = preSolution
		Debug|Any CPU = Debug|Any CPU
		Release|Any CPU = Release|Any CPU
	EndGlobalSection
	GlobalSection(ProjectConfigurationPlatforms) = postSolution
		{9F3DAAB6-EB2B-4A9E-852E-15718E52FECD}.Debug|Any CPU.ActiveCfg = Debug|Any CPU
		{9F3DAAB6-EB2B-4A9E-852E-15718E52FECD}.Debug|Any CPU.Build.0 = Debug|Any CPU
		{9F3DAAB6-EB2B-4A9E-852E-15718E52FECD}.Release|Any CPU.ActiveCfg = Release|Any CPU
		{9F3DAAB6-EB2B-4A9E-852E-15718E52FECD}.Release|Any CPU.Build.0 = Release|Any CPU
	EndGlobalSection
	GlobalSection(SolutionProperties) = preSolution
		HideSolutionNode = FALSE
	EndGlobalSection
	GlobalSection(ExtensibilityGlobals) = postSolution
		SolutionGuid = {503A0F3F-0CD6-4A63-B5EC-EEBD3F0E7B77}
	EndGlobalSection
EndGlobal
